
Microsoft Visual Studio Solution File, Format Version 12.00
# Visual Studio Version 16
VisualStudioVersion = 16.0.30011.22
MinimumVisualStudioVersion = 10.0.40219.1
Project("{9A19103F-16F7-4668-BE54-9A1E7A4F7556}") = "CoreFirstApp", "CoreFirstApp\CoreFirstApp.csproj", "{4ABC15CB-4A1E-41BD-886C-2E0E418002CB}"
EndProject
Project("{9A19103F-16F7-4668-BE54-9A1E7A4F7556}") = "TagHelpers", "TagHelpers\TagHelpers.csproj", "{CCBEFF71-CA56-4F62-82B0-9E6DF6A256A4}"
EndProject
Project("{9A19103F-16F7-4668-BE54-9A1E7A4F7556}") = "CoreFrameworkSample", "CoreFrameworkSample\CoreFrameworkSample.csproj", "{935A3CE9-BBD5-49E1-82DC-CC907AC93C76}"
EndProject
Project("{9A19103F-16F7-4668-BE54-9A1E7A4F7556}") = "FluentValidationSample", "FluentValidationSample\FluentValidationSample.csproj", "{2FE23734-4F5A-4FEA-940D-4F58AC17592F}"
EndProject
Project("{FAE04EC0-301F-11D3-BF4B-00C04F79EFBC}") = "CoreValidation", "CoreValidation\CoreValidation.csproj", "{6B453466-B06A-4A53-B23C-93A581BF6153}"
EndProject
Project("{FAE04EC0-301F-11D3-BF4B-00C04F79EFBC}") = "CoreViewComponent", "CoreViewComponent\CoreViewComponent.csproj", "{239A8A13-584D-4D4A-B337-273AAB305204}"
EndProject
Global
	GlobalSection(SolutionConfigurationPlatforms) = preSolution
		Debug|Any CPU = Debug|Any CPU
		Release|Any CPU = Release|Any CPU
	EndGlobalSection
	GlobalSection(ProjectConfigurationPlatforms) = postSolution
		{4ABC15CB-4A1E-41BD-886C-2E0E418002CB}.Debug|Any CPU.ActiveCfg = Debug|Any CPU
		{4ABC15CB-4A1E-41BD-886C-2E0E418002CB}.Debug|Any CPU.Build.0 = Debug|Any CPU
		{4ABC15CB-4A1E-41BD-886C-2E0E418002CB}.Release|Any CPU.ActiveCfg = Release|Any CPU
		{4ABC15CB-4A1E-41BD-886C-2E0E418002CB}.Release|Any CPU.Build.0 = Release|Any CPU
		{CCBEFF71-CA56-4F62-82B0-9E6DF6A256A4}.Debug|Any CPU.ActiveCfg = Debug|Any CPU
		{CCBEFF71-CA56-4F62-82B0-9E6DF6A256A4}.Debug|Any CPU.Build.0 = Debug|Any CPU
		{CCBEFF71-CA56-4F62-82B0-9E6DF6A256A4}.Release|Any CPU.ActiveCfg = Release|Any CPU
		{CCBEFF71-CA56-4F62-82B0-9E6DF6A256A4}.Release|Any CPU.Build.0 = Release|Any CPU
		{935A3CE9-BBD5-49E1-82DC-CC907AC93C76}.Debug|Any CPU.ActiveCfg = Debug|Any CPU
		{935A3CE9-BBD5-49E1-82DC-CC907AC93C76}.Debug|Any CPU.Build.0 = Debug|Any CPU
		{935A3CE9-BBD5-49E1-82DC-CC907AC93C76}.Release|Any CPU.ActiveCfg = Release|Any CPU
		{935A3CE9-BBD5-49E1-82DC-CC907AC93C76}.Release|Any CPU.Build.0 = Release|Any CPU
		{2FE23734-4F5A-4FEA-940D-4F58AC17592F}.Debug|Any CPU.ActiveCfg = Debug|Any CPU
		{2FE23734-4F5A-4FEA-940D-4F58AC17592F}.Debug|Any CPU.Build.0 = Debug|Any CPU
		{2FE23734-4F5A-4FEA-940D-4F58AC17592F}.Release|Any CPU.ActiveCfg = Release|Any CPU
		{2FE23734-4F5A-4FEA-940D-4F58AC17592F}.Release|Any CPU.Build.0 = Release|Any CPU
		{6B453466-B06A-4A53-B23C-93A581BF6153}.Debug|Any CPU.ActiveCfg = Debug|Any CPU
		{6B453466-B06A-4A53-B23C-93A581BF6153}.Debug|Any CPU.Build.0 = Debug|Any CPU
		{6B453466-B06A-4A53-B23C-93A581BF6153}.Release|Any CPU.ActiveCfg = Release|Any CPU
		{6B453466-B06A-4A53-B23C-93A581BF6153}.Release|Any CPU.Build.0 = Release|Any CPU
		{239A8A13-584D-4D4A-B337-273AAB305204}.Debug|Any CPU.ActiveCfg = Debug|Any CPU
		{239A8A13-584D-4D4A-B337-273AAB305204}.Debug|Any CPU.Build.0 = Debug|Any CPU
		{239A8A13-584D-4D4A-B337-273AAB305204}.Release|Any CPU.ActiveCfg = Release|Any CPU
		{239A8A13-584D-4D4A-B337-273AAB305204}.Release|Any CPU.Build.0 = Release|Any CPU
	EndGlobalSection
	GlobalSection(SolutionProperties) = preSolution
		HideSolutionNode = FALSE
	EndGlobalSection
	GlobalSection(ExtensibilityGlobals) = postSolution
		SolutionGuid = {ECF26FBF-4C6A-4D22-92D3-8EC186A7C354}
	EndGlobalSection
EndGlobal
